
Microsoft Visual Studio Solution File, Format Version 12.00
# Visual Studio Version 17
VisualStudioVersion = 17.8.34330.188
MinimumVisualStudioVersion = 10.0.40219.1
Project("{FAE04EC0-301F-11D3-BF4B-00C04F79EFBC}") = "RabbitMQ.Consumer", "RabbitMQ.Consumer\RabbitMQ.Consumer.csproj", "{4C470D83-C4E2-4029-A82C-3548B0C3A3C8}"
EndProject
Project("{FAE04EC0-301F-11D3-BF4B-00C04F79EFBC}") = "RabbitMQ.Core", "RabbitMQ.Core\RabbitMQ.Core.csproj", "{5CCCE612-CFCD-4602-9773-1CC12509E4EE}"
EndProject
Project("{FAE04EC0-301F-11D3-BF4B-00C04F79EFBC}") = "RabbitMQ.Producer", "RabbitMQ.Producer\RabbitMQ.Producer.csproj", "{A44CE37F-60A5-471D-988E-DE42F9138F31}"
EndProject
Global
	GlobalSection(SolutionConfigurationPlatforms) = preSolution
		Debug|Any CPU = Debug|Any CPU
		Release|Any CPU = Release|Any CPU
	EndGlobalSection
	GlobalSection(ProjectConfigurationPlatforms) = postSolution
		{4C470D83-C4E2-4029-A82C-3548B0C3A3C8}.Debug|Any CPU.ActiveCfg = Debug|Any CPU
		{4C470D83-C4E2-4029-A82C-3548B0C3A3C8}.Debug|Any CPU.Build.0 = Debug|Any CPU
		{4C470D83-C4E2-4029-A82C-3548B0C3A3C8}.Release|Any CPU.ActiveCfg = Release|Any CPU
		{4C470D83-C4E2-4029-A82C-3548B0C3A3C8}.Release|Any CPU.Build.0 = Release|Any CPU
		{5CCCE612-CFCD-4602-9773-1CC12509E4EE}.Debug|Any CPU.ActiveCfg = Debug|Any CPU
		{5CCCE612-CFCD-4602-9773-1CC12509E4EE}.Debug|Any CPU.Build.0 = Debug|Any CPU
		{5CCCE612-CFCD-4602-9773-1CC12509E4EE}.Release|Any CPU.ActiveCfg = Release|Any CPU
		{5CCCE612-CFCD-4602-9773-1CC12509E4EE}.Release|Any CPU.Build.0 = Release|Any CPU
		{A44CE37F-60A5-471D-988E-DE42F9138F31}.Debug|Any CPU.ActiveCfg = Debug|Any CPU
		{A44CE37F-60A5-471D-988E-DE42F9138F31}.Debug|Any CPU.Build.0 = Debug|Any CPU
		{A44CE37F-60A5-471D-988E-DE42F9138F31}.Release|Any CPU.ActiveCfg = Release|Any CPU
		{A44CE37F-60A5-471D-988E-DE42F9138F31}.Release|Any CPU.Build.0 = Release|Any CPU
	EndGlobalSection
	GlobalSection(SolutionProperties) = preSolution
		HideSolutionNode = FALSE
	EndGlobalSection
	GlobalSection(ExtensibilityGlobals) = postSolution
		SolutionGuid = {2D41025B-5D89-4BBB-8379-79BB6C953B34}
	EndGlobalSection
EndGlobal
